PODS:
  - Eureka (1.3.1)
  - Realm (0.97.0):
    - Realm/Headers (= 0.97.0)
  - Realm/Headers (0.97.0)
  - RealmSwift (0.97.0):
    - Realm (= 0.97.0)

DEPENDENCIES:
  - Eureka (~> 1.3)
  - RealmSwift

SPEC CHECKSUMS:
  Eureka: 10df73e578ed8ec1f30c8fda5b4ffc8739786b74
  Realm: b498a6fb9d288b171ff98d0e2d4384c295be8990
  RealmSwift: d014810dec75c9a3f1a33926d2dabfed855c582c

COCOAPODS: 0.39.0
