PODS:
  - Bond (4.3.0)
  - Charts (2.2.2):
    - Charts/Core (= 2.2.2)
  - Charts/Core (2.2.2)
  - Compass (1.4.0):
    - Sugar
  - Eureka (1.5.0)
  - Sugar (1.0.5)

DEPENDENCIES:
  - Bond (~> 4.0)
  - Charts
  - Compass
  - Eureka (~> 1.5)

SPEC CHECKSUMS:
  Bond: ebe2364b18130690083cbceff036420b21494ae4
  Charts: e32b718fa716bdb7693b9e419d6d4a39a3f7992e
  Compass: f4b8c37f9b315f0ee4f5e4f71888c54c92992d5d
  Eureka: 2fb37bb50569c62ee3284689d5b7aca694b040e0
  Sugar: 8d9788c4630c6bdcab8c19a0f7ff06f10ba353bd

COCOAPODS: 0.39.0
