// !$*UTF8*$!
{
	archiveVersion = 1;
	classes = {
	};
	objectVersion = 46;
	objects = {

/* Begin PBXBuildFile section */
		02075B431C4D91C500D0522D /* AddHabitViewController.swift in Sources */ = {isa = PBXBuildFile; fileRef = 02075B421C4D91C500D0522D /* AddHabitViewController.swift */; };
		02163E3A1C5AE934002B50D8 /* CoreData.framework in Frameworks */ = {isa = PBXBuildFile; fileRef = 02294C1E1C5AE33B00998233 /* CoreData.framework */; };
		02163E471C5BC69D002B50D8 /* TailorModel.xcdatamodeld in Sources */ = {isa = PBXBuildFile; fileRef = 02163E451C5BC69D002B50D8 /* TailorModel.xcdatamodeld */; };
		02163E5F1C5BCF6C002B50D8 /* Habit.swift in Sources */ = {isa = PBXBuildFile; fileRef = 02163E5B1C5BCF6C002B50D8 /* Habit.swift */; };
		02163E611C5BCF6C002B50D8 /* Entry.swift in Sources */ = {isa = PBXBuildFile; fileRef = 02163E5D1C5BCF6C002B50D8 /* Entry.swift */; };
		022A6B041C4DDA6C0018E9F0 /* Assets.xcassets in Resources */ = {isa = PBXBuildFile; fileRef = 02701E131C4C14570092E4D3 /* Assets.xcassets */; };
		023BA3561C502E99003DC61C /* Constants.swift in Sources */ = {isa = PBXBuildFile; fileRef = 023BA3551C502E99003DC61C /* Constants.swift */; };
		02701E0B1C4C14570092E4D3 /* AppDelegate.swift in Sources */ = {isa = PBXBuildFile; fileRef = 02701E0A1C4C14570092E4D3 /* AppDelegate.swift */; };
		02701E0D1C4C14570092E4D3 /* MasterViewController.swift in Sources */ = {isa = PBXBuildFile; fileRef = 02701E0C1C4C14570092E4D3 /* MasterViewController.swift */; };
		02701E0F1C4C14570092E4D3 /* DetailViewController.swift in Sources */ = {isa = PBXBuildFile; fileRef = 02701E0E1C4C14570092E4D3 /* DetailViewController.swift */; };
		02701E171C4C14570092E4D3 /* LaunchScreen.storyboard in Resources */ = {isa = PBXBuildFile; fileRef = 02701E151C4C14570092E4D3 /* LaunchScreen.storyboard */; };
		02B5C0071C5E89CD00AB3854 /* EditHabitViewController.swift in Sources */ = {isa = PBXBuildFile; fileRef = 02B5C0061C5E89CD00AB3854 /* EditHabitViewController.swift */; };
		02C4ADC21C5C4712001A7C0C /* DataController.swift in Sources */ = {isa = PBXBuildFile; fileRef = 02C4ADC11C5C4712001A7C0C /* DataController.swift */; };
		02EBB31C1C5D502900814DBA /* CustomEurekaCells.swift in Sources */ = {isa = PBXBuildFile; fileRef = 02EBB31B1C5D502900814DBA /* CustomEurekaCells.swift */; };
		02EBB31F1C5D511D00814DBA /* WeekDaysCell.xib in Resources */ = {isa = PBXBuildFile; fileRef = 02EBB31D1C5D511D00814DBA /* WeekDaysCell.xib */; };
		02ECD5E31C52A972005762E4 /* Main.storyboard in Resources */ = {isa = PBXBuildFile; fileRef = 02ECD5E11C52A972005762E4 /* Main.storyboard */; };
		48FDD09376E26968BA1BC4F9 /* Pods_Tailor.framework in Frameworks */ = {isa = PBXBuildFile; fileRef = 5643E0E82BA1DDFE150B4278 /* Pods_Tailor.framework */; };
/* End PBXBuildFile section */

/* Begin PBXFileReference section */
		02075B421C4D91C500D0522D /* AddHabitViewController.swift */ = {isa = PBXFileReference; fileEncoding = 4; lastKnownFileType = sourcecode.swift; path = AddHabitViewController.swift; sourceTree = "<group>"; };
		02163E461C5BC69D002B50D8 /* TailorModel.xcdatamodel */ = {isa = PBXFileReference; lastKnownFileType = wrapper.xcdatamodel; path = TailorModel.xcdatamodel; sourceTree = "<group>"; };
		02163E5B1C5BCF6C002B50D8 /* Habit.swift */ = {isa = PBXFileReference; fileEncoding = 4; lastKnownFileType = sourcecode.swift; path = Habit.swift; sourceTree = "<group>"; };
		02163E5D1C5BCF6C002B50D8 /* Entry.swift */ = {isa = PBXFileReference; fileEncoding = 4; lastKnownFileType = sourcecode.swift; path = Entry.swift; sourceTree = "<group>"; };
		02294C181C5ADFF600998233 /* Tailor.entitlements */ = {isa = PBXFileReference; lastKnownFileType = text.xml; path = Tailor.entitlements; sourceTree = SOURCE_ROOT; };
		02294C1E1C5AE33B00998233 /* CoreData.framework */ = {isa = PBXFileReference; lastKnownFileType = wrapper.framework; name = CoreData.framework; path = System/Library/Frameworks/CoreData.framework; sourceTree = SDKROOT; };
		023BA3551C502E99003DC61C /* Constants.swift */ = {isa = PBXFileReference; fileEncoding = 4; lastKnownFileType = sourcecode.swift; path = Constants.swift; sourceTree = "<group>"; };
		02701E071C4C14570092E4D3 /* Tailor.app */ = {isa = PBXFileReference; explicitFileType = wrapper.application; includeInIndex = 0; path = Tailor.app; sourceTree = BUILT_PRODUCTS_DIR; };
		02701E0A1C4C14570092E4D3 /* AppDelegate.swift */ = {isa = PBXFileReference; lastKnownFileType = sourcecode.swift; path = AppDelegate.swift; sourceTree = "<group>"; };
		02701E0C1C4C14570092E4D3 /* MasterViewController.swift */ = {isa = PBXFileReference; lastKnownFileType = sourcecode.swift; path = MasterViewController.swift; sourceTree = "<group>"; };
		02701E0E1C4C14570092E4D3 /* DetailViewController.swift */ = {isa = PBXFileReference; lastKnownFileType = sourcecode.swift; path = DetailViewController.swift; sourceTree = "<group>"; };
		02701E131C4C14570092E4D3 /* Assets.xcassets */ = {isa = PBXFileReference; lastKnownFileType = folder.assetcatalog; path = Assets.xcassets; sourceTree = "<group>"; };
		02701E161C4C14570092E4D3 /* Base */ = {isa = PBXFileReference; lastKnownFileType = file.storyboard; name = Base; path = Base.lproj/LaunchScreen.storyboard; sourceTree = "<group>"; };
		02701E181C4C14570092E4D3 /* Info.plist */ = {isa = PBXFileReference; lastKnownFileType = text.plist.xml; path = Info.plist; sourceTree = "<group>"; };
		02B5C0061C5E89CD00AB3854 /* EditHabitViewController.swift */ = {isa = PBXFileReference; fileEncoding = 4; lastKnownFileType = sourcecode.swift; path = EditHabitViewController.swift; sourceTree = "<group>"; };
		02C4ADC11C5C4712001A7C0C /* DataController.swift */ = {isa = PBXFileReference; fileEncoding = 4; lastKnownFileType = sourcecode.swift; path = DataController.swift; sourceTree = "<group>"; };
		02EBB31B1C5D502900814DBA /* CustomEurekaCells.swift */ = {isa = PBXFileReference; fileEncoding = 4; lastKnownFileType = sourcecode.swift; path = CustomEurekaCells.swift; sourceTree = "<group>"; };
		02EBB31E1C5D511D00814DBA /* Base */ = {isa = PBXFileReference; lastKnownFileType = file.xib; name = Base; path = Base.lproj/WeekDaysCell.xib; sourceTree = "<group>"; };
		02ECD5E21C52A972005762E4 /* Base */ = {isa = PBXFileReference; lastKnownFileType = file.storyboard; name = Base; path = Base.lproj/Main.storyboard; sourceTree = "<group>"; };
		2CECB0258948FE0319AD13C2 /* Pods-Tailor.debug.xcconfig */ = {isa = PBXFileReference; includeInIndex = 1; lastKnownFileType = text.xcconfig; name = "Pods-Tailor.debug.xcconfig"; path = "Pods/Target Support Files/Pods-Tailor/Pods-Tailor.debug.xcconfig"; sourceTree = "<group>"; };
		5643E0E82BA1DDFE150B4278 /* Pods_Tailor.framework */ = {isa = PBXFileReference; explicitFileType = wrapper.framework; includeInIndex = 0; path = Pods_Tailor.framework; sourceTree = BUILT_PRODUCTS_DIR; };
		FCEF1651D7AB42BCF6F001B4 /* Pods-Tailor.release.xcconfig */ = {isa = PBXFileReference; includeInIndex = 1; lastKnownFileType = text.xcconfig; name = "Pods-Tailor.release.xcconfig"; path = "Pods/Target Support Files/Pods-Tailor/Pods-Tailor.release.xcconfig"; sourceTree = "<group>"; };
/* End PBXFileReference section */

/* Begin PBXFrameworksBuildPhase section */
		02701E041C4C14570092E4D3 /* Frameworks */ = {
			isa = PBXFrameworksBuildPhase;
			buildActionMask = 2147483647;
			files = (
				02163E3A1C5AE934002B50D8 /* CoreData.framework in Frameworks */,
				48FDD09376E26968BA1BC4F9 /* Pods_Tailor.framework in Frameworks */,
			);
			runOnlyForDeploymentPostprocessing = 0;
		};
/* End PBXFrameworksBuildPhase section */

/* Begin PBXGroup section */
		020A71031C4C151400E3BCB7 /* Models */ = {
			isa = PBXGroup;
			children = (
				02163E451C5BC69D002B50D8 /* TailorModel.xcdatamodeld */,
				02163E5B1C5BCF6C002B50D8 /* Habit.swift */,
				02163E5D1C5BCF6C002B50D8 /* Entry.swift */,
			);
			name = Models;
			sourceTree = "<group>";
		};
		020A71051C4C153300E3BCB7 /* Views */ = {
			isa = PBXGroup;
			children = (
				02EBB31B1C5D502900814DBA /* CustomEurekaCells.swift */,
				02EBB31D1C5D511D00814DBA /* WeekDaysCell.xib */,
			);
			name = Views;
			sourceTree = "<group>";
		};
		020A71061C4C154000E3BCB7 /* Controllers */ = {
			isa = PBXGroup;
			children = (
				02701E0C1C4C14570092E4D3 /* MasterViewController.swift */,
				02701E0E1C4C14570092E4D3 /* DetailViewController.swift */,
				02075B421C4D91C500D0522D /* AddHabitViewController.swift */,
				02B5C0061C5E89CD00AB3854 /* EditHabitViewController.swift */,
			);
			name = Controllers;
			sourceTree = "<group>";
		};
		02701DFE1C4C14570092E4D3 = {
			isa = PBXGroup;
			children = (
				02701E091C4C14570092E4D3 /* Tailor */,
				02701E081C4C14570092E4D3 /* Products */,
				E2158195B1FE9CF8E68F28DD /* Pods */,
				2965B0689DBCE186C7CAC11E /* Frameworks */,
			);
			sourceTree = "<group>";
		};
		02701E081C4C14570092E4D3 /* Products */ = {
			isa = PBXGroup;
			children = (
				02701E071C4C14570092E4D3 /* Tailor.app */,
			);
			name = Products;
			sourceTree = "<group>";
		};
		02701E091C4C14570092E4D3 /* Tailor */ = {
			isa = PBXGroup;
			children = (
				020A71031C4C151400E3BCB7 /* Models */,
				020A71051C4C153300E3BCB7 /* Views */,
				020A71061C4C154000E3BCB7 /* Controllers */,
				02701E0A1C4C14570092E4D3 /* AppDelegate.swift */,
				023BA3551C502E99003DC61C /* Constants.swift */,
				02C4ADC11C5C4712001A7C0C /* DataController.swift */,
				02ECD5E11C52A972005762E4 /* Main.storyboard */,
				02701E151C4C14570092E4D3 /* LaunchScreen.storyboard */,
				02294C181C5ADFF600998233 /* Tailor.entitlements */,
				02701E131C4C14570092E4D3 /* Assets.xcassets */,
				02701E181C4C14570092E4D3 /* Info.plist */,
			);
			name = Tailor;
			path = HabitTracker;
			sourceTree = "<group>";
		};
		2965B0689DBCE186C7CAC11E /* Frameworks */ = {
			isa = PBXGroup;
			children = (
				02294C1E1C5AE33B00998233 /* CoreData.framework */,
				5643E0E82BA1DDFE150B4278 /* Pods_Tailor.framework */,
			);
			name = Frameworks;
			sourceTree = "<group>";
		};
		E2158195B1FE9CF8E68F28DD /* Pods */ = {
			isa = PBXGroup;
			children = (
				2CECB0258948FE0319AD13C2 /* Pods-Tailor.debug.xcconfig */,
				FCEF1651D7AB42BCF6F001B4 /* Pods-Tailor.release.xcconfig */,
			);
			name = Pods;
			sourceTree = "<group>";
		};
/* End PBXGroup section */

/* Begin PBXNativeTarget section */
		02701E061C4C14570092E4D3 /* Tailor */ = {
			isa = PBXNativeTarget;
			buildConfigurationList = 02701E1B1C4C14570092E4D3 /* Build configuration list for PBXNativeTarget "Tailor" */;
			buildPhases = (
				433A7D14A1CB3CF076F6F89B /* Check Pods Manifest.lock */,
				02701E031C4C14570092E4D3 /* Sources */,
				02701E041C4C14570092E4D3 /* Frameworks */,
				02701E051C4C14570092E4D3 /* Resources */,
				4F6555F91B96C054AA7E20F1 /* Embed Pods Frameworks */,
				A239DDCF227EB8B72374F565 /* Copy Pods Resources */,
			);
			buildRules = (
			);
			dependencies = (
			);
			name = Tailor;
			productName = HabitTracker;
			productReference = 02701E071C4C14570092E4D3 /* Tailor.app */;
			productType = "com.apple.product-type.application";
		};
/* End PBXNativeTarget section */

/* Begin PBXProject section */
		02701DFF1C4C14570092E4D3 /* Project object */ = {
			isa = PBXProject;
			attributes = {
				LastSwiftUpdateCheck = 0720;
				LastUpgradeCheck = 0720;
				ORGANIZATIONNAME = "Logan Allen";
				TargetAttributes = {
					02701E061C4C14570092E4D3 = {
						CreatedOnToolsVersion = 7.2;
						DevelopmentTeam = RQFXC724LE;
						SystemCapabilities = {
							com.apple.iCloud = {
								enabled = 1;
							};
						};
					};
				};
			};
			buildConfigurationList = 02701E021C4C14570092E4D3 /* Build configuration list for PBXProject "Tailor" */;
			compatibilityVersion = "Xcode 3.2";
			developmentRegion = English;
			hasScannedForEncodings = 0;
			knownRegions = (
				en,
				Base,
			);
			mainGroup = 02701DFE1C4C14570092E4D3;
			productRefGroup = 02701E081C4C14570092E4D3 /* Products */;
			projectDirPath = "";
			projectRoot = "";
			targets = (
				02701E061C4C14570092E4D3 /* Tailor */,
			);
		};
/* End PBXProject section */

/* Begin PBXResourcesBuildPhase section */
		02701E051C4C14570092E4D3 /* Resources */ = {
			isa = PBXResourcesBuildPhase;
			buildActionMask = 2147483647;
			files = (
				02ECD5E31C52A972005762E4 /* Main.storyboard in Resources */,
				022A6B041C4DDA6C0018E9F0 /* Assets.xcassets in Resources */,
				02EBB31F1C5D511D00814DBA /* WeekDaysCell.xib in Resources */,
				02701E171C4C14570092E4D3 /* LaunchScreen.storyboard in Resources */,
			);
			runOnlyForDeploymentPostprocessing = 0;
		};
/* End PBXResourcesBuildPhase section */

/* Begin PBXShellScriptBuildPhase section */
		433A7D14A1CB3CF076F6F89B /* Check Pods Manifest.lock */ = {
			isa = PBXShellScriptBuildPhase;
			buildActionMask = 2147483647;
			files = (
			);
			inputPaths = (
			);
			name = "Check Pods Manifest.lock";
			outputPaths = (
			);
			runOnlyForDeploymentPostprocessing = 0;
			shellPath = /bin/sh;
			shellScript = "diff \"${PODS_ROOT}/../Podfile.lock\" \"${PODS_ROOT}/Manifest.lock\" > /dev/null\nif [[ $? != 0 ]] ; then\n    cat << EOM\nerror: The sandbox is not in sync with the Podfile.lock. Run 'pod install' or update your CocoaPods installation.\nEOM\n    exit 1\nfi\n";
			showEnvVarsInLog = 0;
		};
		4F6555F91B96C054AA7E20F1 /* Embed Pods Frameworks */ = {
			isa = PBXShellScriptBuildPhase;
			buildActionMask = 2147483647;
			files = (
			);
			inputPaths = (
			);
			name = "Embed Pods Frameworks";
			outputPaths = (
			);
			runOnlyForDeploymentPostprocessing = 0;
			shellPath = /bin/sh;
			shellScript = "\"${SRCROOT}/Pods/Target Support Files/Pods-Tailor/Pods-Tailor-frameworks.sh\"\n";
			showEnvVarsInLog = 0;
		};
		A239DDCF227EB8B72374F565 /* Copy Pods Resources */ = {
			isa = PBXShellScriptBuildPhase;
			buildActionMask = 2147483647;
			files = (
			);
			inputPaths = (
			);
			name = "Copy Pods Resources";
			outputPaths = (
			);
			runOnlyForDeploymentPostprocessing = 0;
			shellPath = /bin/sh;
			shellScript = "\"${SRCROOT}/Pods/Target Support Files/Pods-Tailor/Pods-Tailor-resources.sh\"\n";
			showEnvVarsInLog = 0;
		};
/* End PBXShellScriptBuildPhase section */

/* Begin PBXSourcesBuildPhase section */
		02701E031C4C14570092E4D3 /* Sources */ = {
			isa = PBXSourcesBuildPhase;
			buildActionMask = 2147483647;
			files = (
				023BA3561C502E99003DC61C /* Constants.swift in Sources */,
				02163E471C5BC69D002B50D8 /* TailorModel.xcdatamodeld in Sources */,
				02EBB31C1C5D502900814DBA /* CustomEurekaCells.swift in Sources */,
				02B5C0071C5E89CD00AB3854 /* EditHabitViewController.swift in Sources */,
				02701E0F1C4C14570092E4D3 /* DetailViewController.swift in Sources */,
				02701E0D1C4C14570092E4D3 /* MasterViewController.swift in Sources */,
				02163E611C5BCF6C002B50D8 /* Entry.swift in Sources */,
				02C4ADC21C5C4712001A7C0C /* DataController.swift in Sources */,
				02163E5F1C5BCF6C002B50D8 /* Habit.swift in Sources */,
				02701E0B1C4C14570092E4D3 /* AppDelegate.swift in Sources */,
				02075B431C4D91C500D0522D /* AddHabitViewController.swift in Sources */,
			);
			runOnlyForDeploymentPostprocessing = 0;
		};
/* End PBXSourcesBuildPhase section */

/* Begin PBXVariantGroup section */
		02701E151C4C14570092E4D3 /* LaunchScreen.storyboard */ = {
			isa = PBXVariantGroup;
			children = (
				02701E161C4C14570092E4D3 /* Base */,
			);
			name = LaunchScreen.storyboard;
			sourceTree = "<group>";
		};
		02EBB31D1C5D511D00814DBA /* WeekDaysCell.xib */ = {
			isa = PBXVariantGroup;
			children = (
				02EBB31E1C5D511D00814DBA /* Base */,
			);
			name = WeekDaysCell.xib;
			sourceTree = "<group>";
		};
		02ECD5E11C52A972005762E4 /* Main.storyboard */ = {
			isa = PBXVariantGroup;
			children = (
				02ECD5E21C52A972005762E4 /* Base */,
			);
			name = Main.storyboard;
			sourceTree = "<group>";
		};
/* End PBXVariantGroup section */

/* Begin XCBuildConfiguration section */
		02701E191C4C14570092E4D3 /* Debug */ = {
			isa = XCBuildConfiguration;
			buildSettings = {
				ALWAYS_SEARCH_USER_PATHS = NO;
				CLANG_CXX_LANGUAGE_STANDARD = "gnu++0x";
				CLANG_CXX_LIBRARY = "libc++";
				CLANG_ENABLE_MODULES = YES;
				CLANG_ENABLE_OBJC_ARC = YES;
				CLANG_WARN_BOOL_CONVERSION = YES;
				CLANG_WARN_CONSTANT_CONVERSION = YES;
				CLANG_WARN_DIRECT_OBJC_ISA_USAGE = YES_ERROR;
				CLANG_WARN_EMPTY_BODY = YES;
				CLANG_WARN_ENUM_CONVERSION = YES;
				CLANG_WARN_INT_CONVERSION = YES;
				CLANG_WARN_OBJC_ROOT_CLASS = YES_ERROR;
				CLANG_WARN_UNREACHABLE_CODE = YES;
				CLANG_WARN__DUPLICATE_METHOD_MATCH = YES;
				"CODE_SIGN_IDENTITY[sdk=iphoneos*]" = "iPhone Developer";
				COPY_PHASE_STRIP = NO;
				DEBUG_INFORMATION_FORMAT = dwarf;
				ENABLE_STRICT_OBJC_MSGSEND = YES;
				ENABLE_TESTABILITY = YES;
				GCC_C_LANGUAGE_STANDARD = gnu99;
				GCC_DYNAMIC_NO_PIC = NO;
				GCC_NO_COMMON_BLOCKS = YES;
				GCC_OPTIMIZATION_LEVEL = 0;
				GCC_PREPROCESSOR_DEFINITIONS = (
					"DEBUG=1",
					"$(inherited)",
				);
				GCC_WARN_64_TO_32_BIT_CONVERSION = YES;
				GCC_WARN_ABOUT_RETURN_TYPE = YES_ERROR;
				GCC_WARN_UNDECLARED_SELECTOR = YES;
				GCC_WARN_UNINITIALIZED_AUTOS = YES_AGGRESSIVE;
				GCC_WARN_UNUSED_FUNCTION = YES;
				GCC_WARN_UNUSED_VARIABLE = YES;
				IPHONEOS_DEPLOYMENT_TARGET = 9.2;
				MTL_ENABLE_DEBUG_INFO = YES;
				ONLY_ACTIVE_ARCH = YES;
				SDKROOT = iphoneos;
				SWIFT_OPTIMIZATION_LEVEL = "-Onone";
				TARGETED_DEVICE_FAMILY = "1,2";
			};
			name = Debug;
		};
		02701E1A1C4C14570092E4D3 /* Release */ = {
			isa = XCBuildConfiguration;
			buildSettings = {
				ALWAYS_SEARCH_USER_PATHS = NO;
				CLANG_CXX_LANGUAGE_STANDARD = "gnu++0x";
				CLANG_CXX_LIBRARY = "libc++";
				CLANG_ENABLE_MODULES = YES;
				CLANG_ENABLE_OBJC_ARC = YES;
				CLANG_WARN_BOOL_CONVERSION = YES;
				CLANG_WARN_CONSTANT_CONVERSION = YES;
				CLANG_WARN_DIRECT_OBJC_ISA_USAGE = YES_ERROR;
				CLANG_WARN_EMPTY_BODY = YES;
				CLANG_WARN_ENUM_CONVERSION = YES;
				CLANG_WARN_INT_CONVERSION = YES;
				CLANG_WARN_OBJC_ROOT_CLASS = YES_ERROR;
				CLANG_WARN_UNREACHABLE_CODE = YES;
				CLANG_WARN__DUPLICATE_METHOD_MATCH = YES;
				"CODE_SIGN_IDENTITY[sdk=iphoneos*]" = "iPhone Developer";
				COPY_PHASE_STRIP = NO;
				DEBUG_INFORMATION_FORMAT = "dwarf-with-dsym";
				ENABLE_NS_ASSERTIONS = NO;
				ENABLE_STRICT_OBJC_MSGSEND = YES;
				GCC_C_LANGUAGE_STANDARD = gnu99;
				GCC_NO_COMMON_BLOCKS = YES;
				GCC_WARN_64_TO_32_BIT_CONVERSION = YES;
				GCC_WARN_ABOUT_RETURN_TYPE = YES_ERROR;
				GCC_WARN_UNDECLARED_SELECTOR = YES;
				GCC_WARN_UNINITIALIZED_AUTOS = YES_AGGRESSIVE;
				GCC_WARN_UNUSED_FUNCTION = YES;
				GCC_WARN_UNUSED_VARIABLE = YES;
				IPHONEOS_DEPLOYMENT_TARGET = 9.2;
				MTL_ENABLE_DEBUG_INFO = NO;
				SDKROOT = iphoneos;
				TARGETED_DEVICE_FAMILY = "1,2";
				VALIDATE_PRODUCT = YES;
			};
			name = Release;
		};
		02701E1C1C4C14570092E4D3 /* Debug */ = {
			isa = XCBuildConfiguration;
			baseConfigurationReference = 2CECB0258948FE0319AD13C2 /* Pods-Tailor.debug.xcconfig */;
			buildSettings = {
				ASSETCATALOG_COMPILER_APPICON_NAME = AppIcon;
				CODE_SIGN_ENTITLEMENTS = Tailor.entitlements;
				CODE_SIGN_IDENTITY = "iPhone Developer";
				"CODE_SIGN_IDENTITY[sdk=iphoneos*]" = "iPhone Developer";
				INFOPLIST_FILE = HabitTracker/Info.plist;
				LD_RUNPATH_SEARCH_PATHS = "$(inherited) @executable_path/Frameworks";
				PRODUCT_BUNDLE_IDENTIFIER = com.loganallc.TailorHabits;
				PRODUCT_NAME = Tailor;
				PROVISIONING_PROFILE = "";
			};
			name = Debug;
		};
		02701E1D1C4C14570092E4D3 /* Release */ = {
			isa = XCBuildConfiguration;
			baseConfigurationReference = FCEF1651D7AB42BCF6F001B4 /* Pods-Tailor.release.xcconfig */;
			buildSettings = {
				ASSETCATALOG_COMPILER_APPICON_NAME = AppIcon;
				CODE_SIGN_ENTITLEMENTS = Tailor.entitlements;
				CODE_SIGN_IDENTITY = "iPhone Developer";
				"CODE_SIGN_IDENTITY[sdk=iphoneos*]" = "iPhone Developer";
				INFOPLIST_FILE = HabitTracker/Info.plist;
				LD_RUNPATH_SEARCH_PATHS = "$(inherited) @executable_path/Frameworks";
				PRODUCT_BUNDLE_IDENTIFIER = com.loganallc.TailorHabits;
				PRODUCT_NAME = Tailor;
				PROVISIONING_PROFILE = "";
			};
			name = Release;
		};
/* End XCBuildConfiguration section */

/* Begin XCConfigurationList section */
		02701E021C4C14570092E4D3 /* Build configuration list for PBXProject "Tailor" */ = {
			isa = XCConfigurationList;
			buildConfigurations = (
				02701E191C4C14570092E4D3 /* Debug */,
				02701E1A1C4C14570092E4D3 /* Release */,
			);
			defaultConfigurationIsVisible = 0;
			defaultConfigurationName = Release;
		};
		02701E1B1C4C14570092E4D3 /* Build configuration list for PBXNativeTarget "Tailor" */ = {
			isa = XCConfigurationList;
			buildConfigurations = (
				02701E1C1C4C14570092E4D3 /* Debug */,
				02701E1D1C4C14570092E4D3 /* Release */,
			);
			defaultConfigurationIsVisible = 0;
			defaultConfigurationName = Release;
		};
/* End XCConfigurationList section */

/* Begin XCVersionGroup section */
		02163E451C5BC69D002B50D8 /* TailorModel.xcdatamodeld */ = {
			isa = XCVersionGroup;
			children = (
				02163E461C5BC69D002B50D8 /* TailorModel.xcdatamodel */,
			);
			currentVersion = 02163E461C5BC69D002B50D8 /* TailorModel.xcdatamodel */;
			path = TailorModel.xcdatamodeld;
			sourceTree = "<group>";
			versionGroupType = wrapper.xcdatamodel;
		};
/* End XCVersionGroup section */
	};
	rootObject = 02701DFF1C4C14570092E4D3 /* Project object */;
}
